// !$*UTF8*$!
{
	archiveVersion = 1;
	classes = {
	};
	objectVersion = 56;
	objects = {

/* Begin PBXBuildFile section */
		E6296F6F2A7FCA5B0034B350 /* TabbarVC.swift in Sources */ = {isa = PBXBuildFile; fileRef = E6296F6E2A7FCA5B0034B350 /* TabbarVC.swift */; };
		E6296F712A7FCC450034B350 /* FirstViewController.swift in Sources */ = {isa = PBXBuildFile; fileRef = E6296F702A7FCC450034B350 /* FirstViewController.swift */; };
		E6296F732A7FCC500034B350 /* SecondViewController.swift in Sources */ = {isa = PBXBuildFile; fileRef = E6296F722A7FCC500034B350 /* SecondViewController.swift */; };
		E6296F752A7FCC580034B350 /* ThirdViewController.swift in Sources */ = {isa = PBXBuildFile; fileRef = E6296F742A7FCC580034B350 /* ThirdViewController.swift */; };
		E6296F772A7FCC5E0034B350 /* ForthViewController.swift in Sources */ = {isa = PBXBuildFile; fileRef = E6296F762A7FCC5E0034B350 /* ForthViewController.swift */; };
		E6296F792A7FCC650034B350 /* FifthViewController.swift in Sources */ = {isa = PBXBuildFile; fileRef = E6296F782A7FCC650034B350 /* FifthViewController.swift */; };
		E6296F7C2A82198C0034B350 /* TestViewController.swift in Sources */ = {isa = PBXBuildFile; fileRef = E6296F7B2A82198C0034B350 /* TestViewController.swift */; };
		E6296F7F2A821D0D0034B350 /* TopCell.swift in Sources */ = {isa = PBXBuildFile; fileRef = E6296F7D2A821D0D0034B350 /* TopCell.swift */; };
		E6296F802A821D0D0034B350 /* TopCell.xib in Resources */ = {isa = PBXBuildFile; fileRef = E6296F7E2A821D0D0034B350 /* TopCell.xib */; };
		E6296F842A8514910034B350 /* WeekCell.swift in Sources */ = {isa = PBXBuildFile; fileRef = E6296F822A8514910034B350 /* WeekCell.swift */; };
		E6296F852A8514910034B350 /* WeekCell.xib in Resources */ = {isa = PBXBuildFile; fileRef = E6296F832A8514910034B350 /* WeekCell.xib */; };
		E6E603862A7D27FB00425FC5 /* AppDelegate.swift in Sources */ = {isa = PBXBuildFile; fileRef = E6E603852A7D27FB00425FC5 /* AppDelegate.swift */; };
		E6E603882A7D27FB00425FC5 /* SceneDelegate.swift in Sources */ = {isa = PBXBuildFile; fileRef = E6E603872A7D27FB00425FC5 /* SceneDelegate.swift */; };
		E6E6038D2A7D27FB00425FC5 /* Main.storyboard in Resources */ = {isa = PBXBuildFile; fileRef = E6E6038B2A7D27FB00425FC5 /* Main.storyboard */; };
		E6E603902A7D27FB00425FC5 /* Clone_NaverWebToon.xcdatamodeld in Sources */ = {isa = PBXBuildFile; fileRef = E6E6038E2A7D27FB00425FC5 /* Clone_NaverWebToon.xcdatamodeld */; };
		E6E603922A7D27FD00425FC5 /* Assets.xcassets in Resources */ = {isa = PBXBuildFile; fileRef = E6E603912A7D27FD00425FC5 /* Assets.xcassets */; };
		E6E603952A7D27FD00425FC5 /* LaunchScreen.storyboard in Resources */ = {isa = PBXBuildFile; fileRef = E6E603932A7D27FD00425FC5 /* LaunchScreen.storyboard */; };
/* End PBXBuildFile section */

/* Begin PBXFileReference section */
		E6296F6E2A7FCA5B0034B350 /* TabbarVC.swift */ = {isa = PBXFileReference; lastKnownFileType = sourcecode.swift; path = TabbarVC.swift; sourceTree = "<group>"; };
		E6296F702A7FCC450034B350 /* FirstViewController.swift */ = {isa = PBXFileReference; lastKnownFileType = sourcecode.swift; path = FirstViewController.swift; sourceTree = "<group>"; };
		E6296F722A7FCC500034B350 /* SecondViewController.swift */ = {isa = PBXFileReference; lastKnownFileType = sourcecode.swift; path = SecondViewController.swift; sourceTree = "<group>"; };
		E6296F742A7FCC580034B350 /* ThirdViewController.swift */ = {isa = PBXFileReference; lastKnownFileType = sourcecode.swift; path = ThirdViewController.swift; sourceTree = "<group>"; };
		E6296F762A7FCC5E0034B350 /* ForthViewController.swift */ = {isa = PBXFileReference; lastKnownFileType = sourcecode.swift; path = ForthViewController.swift; sourceTree = "<group>"; };
		E6296F782A7FCC650034B350 /* FifthViewController.swift */ = {isa = PBXFileReference; lastKnownFileType = sourcecode.swift; path = FifthViewController.swift; sourceTree = "<group>"; };
		E6296F7B2A82198C0034B350 /* TestViewController.swift */ = {isa = PBXFileReference; lastKnownFileType = sourcecode.swift; path = TestViewController.swift; sourceTree = "<group>"; };
		E6296F7D2A821D0D0034B350 /* TopCell.swift */ = {isa = PBXFileReference; lastKnownFileType = sourcecode.swift; path = TopCell.swift; sourceTree = "<group>"; };
		E6296F7E2A821D0D0034B350 /* TopCell.xib */ = {isa = PBXFileReference; lastKnownFileType = file.xib; path = TopCell.xib; sourceTree = "<group>"; };
		E6296F822A8514910034B350 /* WeekCell.swift */ = {isa = PBXFileReference; lastKnownFileType = sourcecode.swift; path = WeekCell.swift; sourceTree = "<group>"; };
		E6296F832A8514910034B350 /* WeekCell.xib */ = {isa = PBXFileReference; lastKnownFileType = file.xib; path = WeekCell.xib; sourceTree = "<group>"; };
		E6E603822A7D27FB00425FC5 /* Clone_NaverWebToon.app */ = {isa = PBXFileReference; explicitFileType = wrapper.application; includeInIndex = 0; path = Clone_NaverWebToon.app; sourceTree = BUILT_PRODUCTS_DIR; };
		E6E603852A7D27FB00425FC5 /* AppDelegate.swift */ = {isa = PBXFileReference; lastKnownFileType = sourcecode.swift; path = AppDelegate.swift; sourceTree = "<group>"; };
		E6E603872A7D27FB00425FC5 /* SceneDelegate.swift */ = {isa = PBXFileReference; lastKnownFileType = sourcecode.swift; path = SceneDelegate.swift; sourceTree = "<group>"; };
		E6E6038C2A7D27FB00425FC5 /* Base */ = {isa = PBXFileReference; lastKnownFileType = file.storyboard; name = Base; path = Base.lproj/Main.storyboard; sourceTree = "<group>"; };
		E6E6038F2A7D27FB00425FC5 /* Clone_NaverWebToon.xcdatamodel */ = {isa = PBXFileReference; lastKnownFileType = wrapper.xcdatamodel; path = Clone_NaverWebToon.xcdatamodel; sourceTree = "<group>"; };
		E6E603912A7D27FD00425FC5 /* Assets.xcassets */ = {isa = PBXFileReference; lastKnownFileType = folder.assetcatalog; path = Assets.xcassets; sourceTree = "<group>"; };
		E6E603942A7D27FD00425FC5 /* Base */ = {isa = PBXFileReference; lastKnownFileType = file.storyboard; name = Base; path = Base.lproj/LaunchScreen.storyboard; sourceTree = "<group>"; };
		E6E603962A7D27FD00425FC5 /* Info.plist */ = {isa = PBXFileReference; lastKnownFileType = text.plist.xml; path = Info.plist; sourceTree = "<group>"; };
/* End PBXFileReference section */

/* Begin PBXFrameworksBuildPhase section */
		E6E6037F2A7D27FB00425FC5 /* Frameworks */ = {
			isa = PBXFrameworksBuildPhase;
			buildActionMask = 2147483647;
			files = (
			);
			runOnlyForDeploymentPostprocessing = 0;
		};
/* End PBXFrameworksBuildPhase section */

/* Begin PBXGroup section */
		E6296F6D2A7FCA480034B350 /* VC */ = {
			isa = PBXGroup;
			children = (
				E6296F812A84DDAB0034B350 /* FirstView */,
				E6296F6E2A7FCA5B0034B350 /* TabbarVC.swift */,
				E6296F722A7FCC500034B350 /* SecondViewController.swift */,
				E6296F742A7FCC580034B350 /* ThirdViewController.swift */,
				E6296F762A7FCC5E0034B350 /* ForthViewController.swift */,
				E6296F782A7FCC650034B350 /* FifthViewController.swift */,
			);
			path = VC;
			sourceTree = "<group>";
		};
		E6296F7A2A82197F0034B350 /* Test */ = {
			isa = PBXGroup;
			children = (
				E6296F7B2A82198C0034B350 /* TestViewController.swift */,
			);
			path = Test;
			sourceTree = "<group>";
		};
		E6296F812A84DDAB0034B350 /* FirstView */ = {
			isa = PBXGroup;
			children = (
				E6296F702A7FCC450034B350 /* FirstViewController.swift */,
				E6296F7D2A821D0D0034B350 /* TopCell.swift */,
				E6296F7E2A821D0D0034B350 /* TopCell.xib */,
				E6296F822A8514910034B350 /* WeekCell.swift */,
				E6296F832A8514910034B350 /* WeekCell.xib */,
			);
			path = FirstView;
			sourceTree = "<group>";
		};
		E6E603792A7D27FB00425FC5 = {
			isa = PBXGroup;
			children = (
				E6E603842A7D27FB00425FC5 /* Clone_NaverWebToon */,
				E6E603832A7D27FB00425FC5 /* Products */,
			);
			sourceTree = "<group>";
		};
		E6E603832A7D27FB00425FC5 /* Products */ = {
			isa = PBXGroup;
			children = (
				E6E603822A7D27FB00425FC5 /* Clone_NaverWebToon.app */,
			);
			name = Products;
			sourceTree = "<group>";
		};
		E6E603842A7D27FB00425FC5 /* Clone_NaverWebToon */ = {
			isa = PBXGroup;
			children = (
				E6296F7A2A82197F0034B350 /* Test */,
				E6296F6D2A7FCA480034B350 /* VC */,
				E6E603852A7D27FB00425FC5 /* AppDelegate.swift */,
				E6E603872A7D27FB00425FC5 /* SceneDelegate.swift */,
				E6E6038B2A7D27FB00425FC5 /* Main.storyboard */,
				E6E603912A7D27FD00425FC5 /* Assets.xcassets */,
				E6E603932A7D27FD00425FC5 /* LaunchScreen.storyboard */,
				E6E603962A7D27FD00425FC5 /* Info.plist */,
				E6E6038E2A7D27FB00425FC5 /* Clone_NaverWebToon.xcdatamodeld */,
			);
			path = Clone_NaverWebToon;
			sourceTree = "<group>";
		};
/* End PBXGroup section */

/* Begin PBXNativeTarget section */
		E6E603812A7D27FB00425FC5 /* Clone_NaverWebToon */ = {
			isa = PBXNativeTarget;
			buildConfigurationList = E6E603992A7D27FD00425FC5 /* Build configuration list for PBXNativeTarget "Clone_NaverWebToon" */;
			buildPhases = (
				E6E6037E2A7D27FB00425FC5 /* Sources */,
				E6E6037F2A7D27FB00425FC5 /* Frameworks */,
				E6E603802A7D27FB00425FC5 /* Resources */,
			);
			buildRules = (
			);
			dependencies = (
			);
			name = Clone_NaverWebToon;
			productName = Clone_NaverWebToon;
			productReference = E6E603822A7D27FB00425FC5 /* Clone_NaverWebToon.app */;
			productType = "com.apple.product-type.application";
		};
/* End PBXNativeTarget section */

/* Begin PBXProject section */
		E6E6037A2A7D27FB00425FC5 /* Project object */ = {
			isa = PBXProject;
			attributes = {
				BuildIndependentTargetsInParallel = 1;
				LastSwiftUpdateCheck = 1430;
				LastUpgradeCheck = 1430;
				TargetAttributes = {
					E6E603812A7D27FB00425FC5 = {
						CreatedOnToolsVersion = 14.3.1;
					};
				};
			};
			buildConfigurationList = E6E6037D2A7D27FB00425FC5 /* Build configuration list for PBXProject "Clone_NaverWebToon" */;
			compatibilityVersion = "Xcode 14.0";
			developmentRegion = en;
			hasScannedForEncodings = 0;
			knownRegions = (
				en,
				Base,
			);
			mainGroup = E6E603792A7D27FB00425FC5;
			productRefGroup = E6E603832A7D27FB00425FC5 /* Products */;
			projectDirPath = "";
			projectRoot = "";
			targets = (
				E6E603812A7D27FB00425FC5 /* Clone_NaverWebToon */,
			);
		};
/* End PBXProject section */

/* Begin PBXResourcesBuildPhase section */
		E6E603802A7D27FB00425FC5 /* Resources */ = {
			isa = PBXResourcesBuildPhase;
			buildActionMask = 2147483647;
			files = (
				E6E603952A7D27FD00425FC5 /* LaunchScreen.storyboard in Resources */,
				E6296F802A821D0D0034B350 /* TopCell.xib in Resources */,
				E6E603922A7D27FD00425FC5 /* Assets.xcassets in Resources */,
				E6E6038D2A7D27FB00425FC5 /* Main.storyboard in Resources */,
				E6296F852A8514910034B350 /* WeekCell.xib in Resources */,
			);
			runOnlyForDeploymentPostprocessing = 0;
		};
/* End PBXResourcesBuildPhase section */

/* Begin PBXSourcesBuildPhase section */
		E6E6037E2A7D27FB00425FC5 /* Sources */ = {
			isa = PBXSourcesBuildPhase;
			buildActionMask = 2147483647;
			files = (
				E6296F7F2A821D0D0034B350 /* TopCell.swift in Sources */,
				E6296F842A8514910034B350 /* WeekCell.swift in Sources */,
				E6296F7C2A82198C0034B350 /* TestViewController.swift in Sources */,
				E6296F792A7FCC650034B350 /* FifthViewController.swift in Sources */,
				E6296F732A7FCC500034B350 /* SecondViewController.swift in Sources */,
				E6296F712A7FCC450034B350 /* FirstViewController.swift in Sources */,
				E6E603902A7D27FB00425FC5 /* Clone_NaverWebToon.xcdatamodeld in Sources */,
				E6296F752A7FCC580034B350 /* ThirdViewController.swift in Sources */,
				E6E603862A7D27FB00425FC5 /* AppDelegate.swift in Sources */,
				E6296F6F2A7FCA5B0034B350 /* TabbarVC.swift in Sources */,
				E6296F772A7FCC5E0034B350 /* ForthViewController.swift in Sources */,
				E6E603882A7D27FB00425FC5 /* SceneDelegate.swift in Sources */,
			);
			runOnlyForDeploymentPostprocessing = 0;
		};
/* End PBXSourcesBuildPhase section */

/* Begin PBXVariantGroup section */
		E6E6038B2A7D27FB00425FC5 /* Main.storyboard */ = {
			isa = PBXVariantGroup;
			children = (
				E6E6038C2A7D27FB00425FC5 /* Base */,
			);
			name = Main.storyboard;
			sourceTree = "<group>";
		};
		E6E603932A7D27FD00425FC5 /* LaunchScreen.storyboard */ = {
			isa = PBXVariantGroup;
			children = (
				E6E603942A7D27FD00425FC5 /* Base */,
			);
			name = LaunchScreen.storyboard;
			sourceTree = "<group>";
		};
/* End PBXVariantGroup section */

/* Begin XCBuildConfiguration section */
		E6E603972A7D27FD00425FC5 /* Debug */ = {
			isa = XCBuildConfiguration;
			buildSettings = {
				ALWAYS_SEARCH_USER_PATHS = NO;
				CLANG_ANALYZER_NONNULL = YES;
				CLANG_ANALYZER_NUMBER_OBJECT_CONVERSION = YES_AGGRESSIVE;
				CLANG_CXX_LANGUAGE_STANDARD = "gnu++20";
				CLANG_ENABLE_MODULES = YES;
				CLANG_ENABLE_OBJC_ARC = YES;
				CLANG_ENABLE_OBJC_WEAK = YES;
				CLANG_WARN_BLOCK_CAPTURE_AUTORELEASING = YES;
				CLANG_WARN_BOOL_CONVERSION = YES;
				CLANG_WARN_COMMA = YES;
				CLANG_WARN_CONSTANT_CONVERSION = YES;
				CLANG_WARN_DEPRECATED_OBJC_IMPLEMENTATIONS = YES;
				CLANG_WARN_DIRECT_OBJC_ISA_USAGE = YES_ERROR;
				CLANG_WARN_DOCUMENTATION_COMMENTS = YES;
				CLANG_WARN_EMPTY_BODY = YES;
				CLANG_WARN_ENUM_CONVERSION = YES;
				CLANG_WARN_INFINITE_RECURSION = YES;
				CLANG_WARN_INT_CONVERSION = YES;
				CLANG_WARN_NON_LITERAL_NULL_CONVERSION = YES;
				CLANG_WARN_OBJC_IMPLICIT_RETAIN_SELF = YES;
				CLANG_WARN_OBJC_LITERAL_CONVERSION = YES;
				CLANG_WARN_OBJC_ROOT_CLASS = YES_ERROR;
				CLANG_WARN_QUOTED_INCLUDE_IN_FRAMEWORK_HEADER = YES;
				CLANG_WARN_RANGE_LOOP_ANALYSIS = YES;
				CLANG_WARN_STRICT_PROTOTYPES = YES;
				CLANG_WARN_SUSPICIOUS_MOVE = YES;
				CLANG_WARN_UNGUARDED_AVAILABILITY = YES_AGGRESSIVE;
				CLANG_WARN_UNREACHABLE_CODE = YES;
				CLANG_WARN__DUPLICATE_METHOD_MATCH = YES;
				COPY_PHASE_STRIP = NO;
				DEBUG_INFORMATION_FORMAT = dwarf;
				ENABLE_STRICT_OBJC_MSGSEND = YES;
				ENABLE_TESTABILITY = YES;
				GCC_C_LANGUAGE_STANDARD = gnu11;
				GCC_DYNAMIC_NO_PIC = NO;
				GCC_NO_COMMON_BLOCKS = YES;
				GCC_OPTIMIZATION_LEVEL = 0;
				GCC_PREPROCESSOR_DEFINITIONS = (
					"DEBUG=1",
					"$(inherited)",
				);
				GCC_WARN_64_TO_32_BIT_CONVERSION = YES;
				GCC_WARN_ABOUT_RETURN_TYPE = YES_ERROR;
				GCC_WARN_UNDECLARED_SELECTOR = YES;
				GCC_WARN_UNINITIALIZED_AUTOS = YES_AGGRESSIVE;
				GCC_WARN_UNUSED_FUNCTION = YES;
				GCC_WARN_UNUSED_VARIABLE = YES;
				IPHONEOS_DEPLOYMENT_TARGET = 16.4;
				MTL_ENABLE_DEBUG_INFO = INCLUDE_SOURCE;
				MTL_FAST_MATH = YES;
				ONLY_ACTIVE_ARCH = YES;
				SDKROOT = iphoneos;
				SWIFT_ACTIVE_COMPILATION_CONDITIONS = DEBUG;
				SWIFT_OPTIMIZATION_LEVEL = "-Onone";
			};
			name = Debug;
		};
		E6E603982A7D27FD00425FC5 /* Release */ = {
			isa = XCBuildConfiguration;
			buildSettings = {
				ALWAYS_SEARCH_USER_PATHS = NO;
				CLANG_ANALYZER_NONNULL = YES;
				CLANG_ANALYZER_NUMBER_OBJECT_CONVERSION = YES_AGGRESSIVE;
				CLANG_CXX_LANGUAGE_STANDARD = "gnu++20";
				CLANG_ENABLE_MODULES = YES;
				CLANG_ENABLE_OBJC_ARC = YES;
				CLANG_ENABLE_OBJC_WEAK = YES;
				CLANG_WARN_BLOCK_CAPTURE_AUTORELEASING = YES;
				CLANG_WARN_BOOL_CONVERSION = YES;
				CLANG_WARN_COMMA = YES;
				CLANG_WARN_CONSTANT_CONVERSION = YES;
				CLANG_WARN_DEPRECATED_OBJC_IMPLEMENTATIONS = YES;
				CLANG_WARN_DIRECT_OBJC_ISA_USAGE = YES_ERROR;
				CLANG_WARN_DOCUMENTATION_COMMENTS = YES;
				CLANG_WARN_EMPTY_BODY = YES;
				CLANG_WARN_ENUM_CONVERSION = YES;
				CLANG_WARN_INFINITE_RECURSION = YES;
				CLANG_WARN_INT_CONVERSION = YES;
				CLANG_WARN_NON_LITERAL_NULL_CONVERSION = YES;
				CLANG_WARN_OBJC_IMPLICIT_RETAIN_SELF = YES;
				CLANG_WARN_OBJC_LITERAL_CONVERSION = YES;
				CLANG_WARN_OBJC_ROOT_CLASS = YES_ERROR;
				CLANG_WARN_QUOTED_INCLUDE_IN_FRAMEWORK_HEADER = YES;
				CLANG_WARN_RANGE_LOOP_ANALYSIS = YES;
				CLANG_WARN_STRICT_PROTOTYPES = YES;
				CLANG_WARN_SUSPICIOUS_MOVE = YES;
				CLANG_WARN_UNGUARDED_AVAILABILITY = YES_AGGRESSIVE;
				CLANG_WARN_UNREACHABLE_CODE = YES;
				CLANG_WARN__DUPLICATE_METHOD_MATCH = YES;
				COPY_PHASE_STRIP = NO;
				DEBUG_INFORMATION_FORMAT = "dwarf-with-dsym";
				ENABLE_NS_ASSERTIONS = NO;
				ENABLE_STRICT_OBJC_MSGSEND = YES;
				GCC_C_LANGUAGE_STANDARD = gnu11;
				GCC_NO_COMMON_BLOCKS = YES;
				GCC_WARN_64_TO_32_BIT_CONVERSION = YES;
				GCC_WARN_ABOUT_RETURN_TYPE = YES_ERROR;
				GCC_WARN_UNDECLARED_SELECTOR = YES;
				GCC_WARN_UNINITIALIZED_AUTOS = YES_AGGRESSIVE;
				GCC_WARN_UNUSED_FUNCTION = YES;
				GCC_WARN_UNUSED_VARIABLE = YES;
				IPHONEOS_DEPLOYMENT_TARGET = 16.4;
				MTL_ENABLE_DEBUG_INFO = NO;
				MTL_FAST_MATH = YES;
				SDKROOT = iphoneos;
				SWIFT_COMPILATION_MODE = wholemodule;
				SWIFT_OPTIMIZATION_LEVEL = "-O";
				VALIDATE_PRODUCT = YES;
			};
			name = Release;
		};
		E6E6039A2A7D27FD00425FC5 /* Debug */ = {
			isa = XCBuildConfiguration;
			buildSettings = {
				ASSETCATALOG_COMPILER_APPICON_NAME = AppIcon;
				ASSETCATALOG_COMPILER_GLOBAL_ACCENT_COLOR_NAME = AccentColor;
				CODE_SIGN_STYLE = Automatic;
				CURRENT_PROJECT_VERSION = 1;
				DEVELOPMENT_TEAM = C3N2FXBXWT;
				GENERATE_INFOPLIST_FILE = YES;
				INFOPLIST_FILE = Clone_NaverWebToon/Info.plist;
				INFOPLIST_KEY_UIApplicationSupportsIndirectInputEvents = YES;
				INFOPLIST_KEY_UILaunchStoryboardName = LaunchScreen;
				INFOPLIST_KEY_UIMainStoryboardFile = Main;
				INFOPLIST_KEY_UISupportedInterfaceOrientations_iPad = "UIInterfaceOrientationPortrait UIInterfaceOrientationPortraitUpsideDown UIInterfaceOrientationLandscapeLeft UIInterfaceOrientationLandscapeRight";
				INFOPLIST_KEY_UISupportedInterfaceOrientations_iPhone = "UIInterfaceOrientationPortrait UIInterfaceOrientationLandscapeLeft UIInterfaceOrientationLandscapeRight";
				LD_RUNPATH_SEARCH_PATHS = (
					"$(inherited)",
					"@executable_path/Frameworks",
				);
				MARKETING_VERSION = 1.0;
				PRODUCT_BUNDLE_IDENTIFIER = "LeoKim.Clone-NaverWebToon";
				PRODUCT_NAME = "$(TARGET_NAME)";
				SWIFT_EMIT_LOC_STRINGS = YES;
				SWIFT_VERSION = 5.0;
				TARGETED_DEVICE_FAMILY = "1,2";
			};
			name = Debug;
		};
		E6E6039B2A7D27FD00425FC5 /* Release */ = {
			isa = XCBuildConfiguration;
			buildSettings = {
				ASSETCATALOG_COMPILER_APPICON_NAME = AppIcon;
				ASSETCATALOG_COMPILER_GLOBAL_ACCENT_COLOR_NAME = AccentColor;
				CODE_SIGN_STYLE = Automatic;
				CURRENT_PROJECT_VERSION = 1;
				DEVELOPMENT_TEAM = C3N2FXBXWT;
				GENERATE_INFOPLIST_FILE = YES;
				INFOPLIST_FILE = Clone_NaverWebToon/Info.plist;
				INFOPLIST_KEY_UIApplicationSupportsIndirectInputEvents = YES;
				INFOPLIST_KEY_UILaunchStoryboardName = LaunchScreen;
				INFOPLIST_KEY_UIMainStoryboardFile = Main;
				INFOPLIST_KEY_UISupportedInterfaceOrientations_iPad = "UIInterfaceOrientationPortrait UIInterfaceOrientationPortraitUpsideDown UIInterfaceOrientationLandscapeLeft UIInterfaceOrientationLandscapeRight";
				INFOPLIST_KEY_UISupportedInterfaceOrientations_iPhone = "UIInterfaceOrientationPortrait UIInterfaceOrientationLandscapeLeft UIInterfaceOrientationLandscapeRight";
				LD_RUNPATH_SEARCH_PATHS = (
					"$(inherited)",
					"@executable_path/Frameworks",
				);
				MARKETING_VERSION = 1.0;
				PRODUCT_BUNDLE_IDENTIFIER = "LeoKim.Clone-NaverWebToon";
				PRODUCT_NAME = "$(TARGET_NAME)";
				SWIFT_EMIT_LOC_STRINGS = YES;
				SWIFT_VERSION = 5.0;
				TARGETED_DEVICE_FAMILY = "1,2";
			};
			name = Release;
		};
/* End XCBuildConfiguration section */

/* Begin XCConfigurationList section */
		E6E6037D2A7D27FB00425FC5 /* Build configuration list for PBXProject "Clone_NaverWebToon" */ = {
			isa = XCConfigurationList;
			buildConfigurations = (
				E6E603972A7D27FD00425FC5 /* Debug */,
				E6E603982A7D27FD00425FC5 /* Release */,
			);
			defaultConfigurationIsVisible = 0;
			defaultConfigurationName = Release;
		};
		E6E603992A7D27FD00425FC5 /* Build configuration list for PBXNativeTarget "Clone_NaverWebToon" */ = {
			isa = XCConfigurationList;
			buildConfigurations = (
				E6E6039A2A7D27FD00425FC5 /* Debug */,
				E6E6039B2A7D27FD00425FC5 /* Release */,
			);
			defaultConfigurationIsVisible = 0;
			defaultConfigurationName = Release;
		};
/* End XCConfigurationList section */

/* Begin XCVersionGroup section */
		E6E6038E2A7D27FB00425FC5 /* Clone_NaverWebToon.xcdatamodeld */ = {
			isa = XCVersionGroup;
			children = (
				E6E6038F2A7D27FB00425FC5 /* Clone_NaverWebToon.xcdatamodel */,
			);
			currentVersion = E6E6038F2A7D27FB00425FC5 /* Clone_NaverWebToon.xcdatamodel */;
			path = Clone_NaverWebToon.xcdatamodeld;
			sourceTree = "<group>";
			versionGroupType = wrapper.xcdatamodel;
		};
/* End XCVersionGroup section */
	};
	rootObject = E6E6037A2A7D27FB00425FC5 /* Project object */;
}
